{
  "name": "turn-off-display-cli",
  "version": "0.2.0",
  "lockfileVersion": 1,
  "requires": true,
  "dependencies": {
    "turn-off-display": {
      "version": "0.2.0",
      "resolved": "https://registry.npmjs.org/turn-off-display/-/turn-off-display-0.2.0.tgz",
      "integrity": "sha512-Va2LxXHK1yCKcqcoh+xfeaLGdNRIw4Olc0X7d9Fi8naKm1V5gMb6qDouayPzftOjGLZAIC0jr5vvSvBRo9fDGA=="
    }
  }
}
